
Microsoft Visual Studio Solution File, Format Version 12.00
# Visual Studio 15
VisualStudioVersion = 15.0.28307.271
MinimumVisualStudioVersion = 10.0.40219.1
Project("{FAE04EC0-301F-11D3-BF4B-00C04F79EFBC}") = "BestSellingBooks", "BestSellingBooks\BestSellingBooks.csproj", "{BBCFAEE1-45DA-422A-B233-9060C2DC4E5D}"
EndProject
Global
	GlobalSection(SolutionConfigurationPlatforms) = preSolution
		Debug|Any CPU = Debug|Any CPU
		Release|Any CPU = Release|Any CPU
	EndGlobalSection
	GlobalSection(ProjectConfigurationPlatforms) = postSolution
		{BBCFAEE1-45DA-422A-B233-9060C2DC4E5D}.Debug|Any CPU.ActiveCfg = Debug|Any CPU
		{BBCFAEE1-45DA-422A-B233-9060C2DC4E5D}.Debug|Any CPU.Build.0 = Debug|Any CPU
		{BBCFAEE1-45DA-422A-B233-9060C2DC4E5D}.Release|Any CPU.ActiveCfg = Release|Any CPU
		{BBCFAEE1-45DA-422A-B233-9060C2DC4E5D}.Release|Any CPU.Build.0 = Release|Any CPU
	EndGlobalSection
	GlobalSection(SolutionProperties) = preSolution
		HideSolutionNode = FALSE
	EndGlobalSection
	GlobalSection(ExtensibilityGlobals) = postSolution
		SolutionGuid = {41F84701-2907-41C9-BFB3-571CD5E93698}
	EndGlobalSection
EndGlobal
